
Microsoft Visual Studio Solution File, Format Version 12.00
Project("{FAE04EC0-301F-11D3-BF4B-00C04F79EFBC}") = "WebApp", "WebApp\WebApp.csproj", "{5E93E500-98D6-4B2A-9DB4-C4C266B05EE1}"
EndProject
Project("{FAE04EC0-301F-11D3-BF4B-00C04F79EFBC}") = "Domain", "Domain\Domain.csproj", "{AF38A3C5-4017-407F-88BE-B31642D0B902}"
EndProject
Project("{FAE04EC0-301F-11D3-BF4B-00C04F79EFBC}") = "DAL.App.EF", "DAL.App.EF\DAL.App.EF.csproj", "{EC4D31F0-321A-4500-8C5F-9C963B9F71B4}"
EndProject
Project("{2150E333-8FDC-42A3-9474-1A3956D46DE8}") = ".SolutionItems", ".SolutionItems", "{64C8E1FA-0AF6-4009-9A45-56C690AF7E83}"
ProjectSection(SolutionItems) = preProject
	Directory.Build.props = Directory.Build.props
	README.md = README.md
	.gitignore = .gitignore
EndProjectSection
EndProject
Project("{FAE04EC0-301F-11D3-BF4B-00C04F79EFBC}") = "DAL.App.DTO", "DAL.App.DTO\DAL.App.DTO.csproj", "{A004021C-5CB5-44A8-9635-56A434E815A3}"
EndProject
Project("{FAE04EC0-301F-11D3-BF4B-00C04F79EFBC}") = "Contracts.DAL.App", "Contracts.DAL.App\Contracts.DAL.App.csproj", "{F7BFF0B4-9B13-45EC-A487-464317047DE7}"
EndProject
Project("{FAE04EC0-301F-11D3-BF4B-00C04F79EFBC}") = "BLL.App", "BLL.App\BLL.App.csproj", "{1E8E17D0-31D6-4FD9-8751-37ED1F50CB8B}"
EndProject
Project("{FAE04EC0-301F-11D3-BF4B-00C04F79EFBC}") = "Contracts.BLL.App", "Contracts.BLL.App\Contracts.BLL.App.csproj", "{E94386C0-7845-4327-8513-1921795727AD}"
EndProject
Project("{FAE04EC0-301F-11D3-BF4B-00C04F79EFBC}") = "BLL.App.DTO", "BLL.App.DTO\BLL.App.DTO.csproj", "{01840CC1-956A-4863-BBF2-414ADE367AB5}"
EndProject
Project("{FAE04EC0-301F-11D3-BF4B-00C04F79EFBC}") = "API.DTO.v1", "API.DTO.v1\API.DTO.v1.csproj", "{0E6FF872-4E7B-4464-94BD-A5DD3C579A2C}"
EndProject
Project("{FAE04EC0-301F-11D3-BF4B-00C04F79EFBC}") = "Extensions", "Extensions\Extensions.csproj", "{E25650C2-82BA-4B7D-9638-C3EB9E236DAA}"
EndProject
Project("{2150E333-8FDC-42A3-9474-1A3956D46DE8}") = "Contracts", "Contracts", "{99CBECB5-09CD-4BD5-B55F-A0C58A2230CC}"
EndProject
Project("{2150E333-8FDC-42A3-9474-1A3956D46DE8}") = "DTOs", "DTOs", "{2FD1CA9F-4118-4FC7-9CA8-53B6E1C9AC58}"
EndProject
Project("{FAE04EC0-301F-11D3-BF4B-00C04F79EFBC}") = "Classifiers", "Classifiers\Classifiers.csproj", "{F43003DB-01C7-439E-A76D-335019E6B68F}"
EndProject
Project("{FAE04EC0-301F-11D3-BF4B-00C04F79EFBC}") = "Tests", "Tests\Tests.csproj", "{9F3115A2-642C-4763-BA44-D72EC2586F6F}"
EndProject
Global
	GlobalSection(SolutionConfigurationPlatforms) = preSolution
		Debug|Any CPU = Debug|Any CPU
		Release|Any CPU = Release|Any CPU
	EndGlobalSection
	GlobalSection(ProjectConfigurationPlatforms) = postSolution
		{5E93E500-98D6-4B2A-9DB4-C4C266B05EE1}.Debug|Any CPU.ActiveCfg = Debug|Any CPU
		{5E93E500-98D6-4B2A-9DB4-C4C266B05EE1}.Debug|Any CPU.Build.0 = Debug|Any CPU
		{5E93E500-98D6-4B2A-9DB4-C4C266B05EE1}.Release|Any CPU.ActiveCfg = Release|Any CPU
		{5E93E500-98D6-4B2A-9DB4-C4C266B05EE1}.Release|Any CPU.Build.0 = Release|Any CPU
		{AF38A3C5-4017-407F-88BE-B31642D0B902}.Debug|Any CPU.ActiveCfg = Debug|Any CPU
		{AF38A3C5-4017-407F-88BE-B31642D0B902}.Debug|Any CPU.Build.0 = Debug|Any CPU
		{AF38A3C5-4017-407F-88BE-B31642D0B902}.Release|Any CPU.ActiveCfg = Release|Any CPU
		{AF38A3C5-4017-407F-88BE-B31642D0B902}.Release|Any CPU.Build.0 = Release|Any CPU
		{EC4D31F0-321A-4500-8C5F-9C963B9F71B4}.Debug|Any CPU.ActiveCfg = Debug|Any CPU
		{EC4D31F0-321A-4500-8C5F-9C963B9F71B4}.Debug|Any CPU.Build.0 = Debug|Any CPU
		{EC4D31F0-321A-4500-8C5F-9C963B9F71B4}.Release|Any CPU.ActiveCfg = Release|Any CPU
		{EC4D31F0-321A-4500-8C5F-9C963B9F71B4}.Release|Any CPU.Build.0 = Release|Any CPU
		{A004021C-5CB5-44A8-9635-56A434E815A3}.Debug|Any CPU.ActiveCfg = Debug|Any CPU
		{A004021C-5CB5-44A8-9635-56A434E815A3}.Debug|Any CPU.Build.0 = Debug|Any CPU
		{A004021C-5CB5-44A8-9635-56A434E815A3}.Release|Any CPU.ActiveCfg = Release|Any CPU
		{A004021C-5CB5-44A8-9635-56A434E815A3}.Release|Any CPU.Build.0 = Release|Any CPU
		{F7BFF0B4-9B13-45EC-A487-464317047DE7}.Debug|Any CPU.ActiveCfg = Debug|Any CPU
		{F7BFF0B4-9B13-45EC-A487-464317047DE7}.Debug|Any CPU.Build.0 = Debug|Any CPU
		{F7BFF0B4-9B13-45EC-A487-464317047DE7}.Release|Any CPU.ActiveCfg = Release|Any CPU
		{F7BFF0B4-9B13-45EC-A487-464317047DE7}.Release|Any CPU.Build.0 = Release|Any CPU
		{1E8E17D0-31D6-4FD9-8751-37ED1F50CB8B}.Debug|Any CPU.ActiveCfg = Debug|Any CPU
		{1E8E17D0-31D6-4FD9-8751-37ED1F50CB8B}.Debug|Any CPU.Build.0 = Debug|Any CPU
		{1E8E17D0-31D6-4FD9-8751-37ED1F50CB8B}.Release|Any CPU.ActiveCfg = Release|Any CPU
		{1E8E17D0-31D6-4FD9-8751-37ED1F50CB8B}.Release|Any CPU.Build.0 = Release|Any CPU
		{E94386C0-7845-4327-8513-1921795727AD}.Debug|Any CPU.ActiveCfg = Debug|Any CPU
		{E94386C0-7845-4327-8513-1921795727AD}.Debug|Any CPU.Build.0 = Debug|Any CPU
		{E94386C0-7845-4327-8513-1921795727AD}.Release|Any CPU.ActiveCfg = Release|Any CPU
		{E94386C0-7845-4327-8513-1921795727AD}.Release|Any CPU.Build.0 = Release|Any CPU
		{01840CC1-956A-4863-BBF2-414ADE367AB5}.Debug|Any CPU.ActiveCfg = Debug|Any CPU
		{01840CC1-956A-4863-BBF2-414ADE367AB5}.Debug|Any CPU.Build.0 = Debug|Any CPU
		{01840CC1-956A-4863-BBF2-414ADE367AB5}.Release|Any CPU.ActiveCfg = Release|Any CPU
		{01840CC1-956A-4863-BBF2-414ADE367AB5}.Release|Any CPU.Build.0 = Release|Any CPU
		{0E6FF872-4E7B-4464-94BD-A5DD3C579A2C}.Debug|Any CPU.ActiveCfg = Debug|Any CPU
		{0E6FF872-4E7B-4464-94BD-A5DD3C579A2C}.Debug|Any CPU.Build.0 = Debug|Any CPU
		{0E6FF872-4E7B-4464-94BD-A5DD3C579A2C}.Release|Any CPU.ActiveCfg = Release|Any CPU
		{0E6FF872-4E7B-4464-94BD-A5DD3C579A2C}.Release|Any CPU.Build.0 = Release|Any CPU
		{E25650C2-82BA-4B7D-9638-C3EB9E236DAA}.Debug|Any CPU.ActiveCfg = Debug|Any CPU
		{E25650C2-82BA-4B7D-9638-C3EB9E236DAA}.Debug|Any CPU.Build.0 = Debug|Any CPU
		{E25650C2-82BA-4B7D-9638-C3EB9E236DAA}.Release|Any CPU.ActiveCfg = Release|Any CPU
		{E25650C2-82BA-4B7D-9638-C3EB9E236DAA}.Release|Any CPU.Build.0 = Release|Any CPU
		{F43003DB-01C7-439E-A76D-335019E6B68F}.Debug|Any CPU.ActiveCfg = Debug|Any CPU
		{F43003DB-01C7-439E-A76D-335019E6B68F}.Debug|Any CPU.Build.0 = Debug|Any CPU
		{F43003DB-01C7-439E-A76D-335019E6B68F}.Release|Any CPU.ActiveCfg = Release|Any CPU
		{F43003DB-01C7-439E-A76D-335019E6B68F}.Release|Any CPU.Build.0 = Release|Any CPU
		{9F3115A2-642C-4763-BA44-D72EC2586F6F}.Debug|Any CPU.ActiveCfg = Debug|Any CPU
		{9F3115A2-642C-4763-BA44-D72EC2586F6F}.Debug|Any CPU.Build.0 = Debug|Any CPU
		{9F3115A2-642C-4763-BA44-D72EC2586F6F}.Release|Any CPU.ActiveCfg = Release|Any CPU
		{9F3115A2-642C-4763-BA44-D72EC2586F6F}.Release|Any CPU.Build.0 = Release|Any CPU
	EndGlobalSection
	GlobalSection(NestedProjects) = preSolution
		{E94386C0-7845-4327-8513-1921795727AD} = {99CBECB5-09CD-4BD5-B55F-A0C58A2230CC}
		{F7BFF0B4-9B13-45EC-A487-464317047DE7} = {99CBECB5-09CD-4BD5-B55F-A0C58A2230CC}
		{0E6FF872-4E7B-4464-94BD-A5DD3C579A2C} = {2FD1CA9F-4118-4FC7-9CA8-53B6E1C9AC58}
		{01840CC1-956A-4863-BBF2-414ADE367AB5} = {2FD1CA9F-4118-4FC7-9CA8-53B6E1C9AC58}
		{A004021C-5CB5-44A8-9635-56A434E815A3} = {2FD1CA9F-4118-4FC7-9CA8-53B6E1C9AC58}
	EndGlobalSection
EndGlobal
